{
  "name": "eris-pagination",
  "version": "0.5.2",
  "lockfileVersion": 1,
  "requires": true,
  "dependencies": {
    "eris-reactions": {
      "version": "github:danclay/eris-reactions#8859d40d8e198251aab9d490992a5fed5ce41c76",
      "from": "github:danclay/eris-reactions#action-row"
    }
  }
}
